
Microsoft Visual Studio Solution File, Format Version 12.00
# Visual Studio Version 17
VisualStudioVersion = 17.0.31912.275
MinimumVisualStudioVersion = 10.0.40219.1
Project("{9A19103F-16F7-4668-BE54-9A1E7A4F7556}") = "LegacyAppConsumer", "LegacyAppConsumer\LegacyAppConsumer.csproj", "{8924C743-B84E-4B77-8944-0E718815E1D0}"
EndProject
Project("{9A19103F-16F7-4668-BE54-9A1E7A4F7556}") = "LegacyApp", "LegacyApp\LegacyApp.csproj", "{72364726-3116-4019-A054-6E9AF98BB046}"
EndProject
Project("{FAE04EC0-301F-11D3-BF4B-00C04F79EFBC}") = "LegacyAppTests", "LegacyAppTests\LegacyAppTests.csproj", "{07E6438E-2C26-499B-8991-7A032141C1EE}"
EndProject
Global
	GlobalSection(SolutionConfigurationPlatforms) = preSolution
		Debug|Any CPU = Debug|Any CPU
		Release|Any CPU = Release|Any CPU
	EndGlobalSection
	GlobalSection(ProjectConfigurationPlatforms) = postSolution
		{8924C743-B84E-4B77-8944-0E718815E1D0}.Debug|Any CPU.ActiveCfg = Debug|Any CPU
		{8924C743-B84E-4B77-8944-0E718815E1D0}.Debug|Any CPU.Build.0 = Debug|Any CPU
		{8924C743-B84E-4B77-8944-0E718815E1D0}.Release|Any CPU.ActiveCfg = Release|Any CPU
		{8924C743-B84E-4B77-8944-0E718815E1D0}.Release|Any CPU.Build.0 = Release|Any CPU
		{72364726-3116-4019-A054-6E9AF98BB046}.Debug|Any CPU.ActiveCfg = Debug|Any CPU
		{72364726-3116-4019-A054-6E9AF98BB046}.Debug|Any CPU.Build.0 = Debug|Any CPU
		{72364726-3116-4019-A054-6E9AF98BB046}.Release|Any CPU.ActiveCfg = Release|Any CPU
		{72364726-3116-4019-A054-6E9AF98BB046}.Release|Any CPU.Build.0 = Release|Any CPU
		{07E6438E-2C26-499B-8991-7A032141C1EE}.Debug|Any CPU.ActiveCfg = Debug|Any CPU
		{07E6438E-2C26-499B-8991-7A032141C1EE}.Debug|Any CPU.Build.0 = Debug|Any CPU
		{07E6438E-2C26-499B-8991-7A032141C1EE}.Release|Any CPU.ActiveCfg = Release|Any CPU
		{07E6438E-2C26-499B-8991-7A032141C1EE}.Release|Any CPU.Build.0 = Release|Any CPU
	EndGlobalSection
	GlobalSection(SolutionProperties) = preSolution
		HideSolutionNode = FALSE
	EndGlobalSection
	GlobalSection(ExtensibilityGlobals) = postSolution
		SolutionGuid = {6CA33759-E38C-4FAA-A38E-49922C19E135}
	EndGlobalSection
EndGlobal
